
Microsoft Visual Studio Solution File, Format Version 12.00
# Visual Studio 15
VisualStudioVersion = 15.0.26430.13
MinimumVisualStudioVersion = 10.0.40219.1
Project("{FAE04EC0-301F-11D3-BF4B-00C04F79EFBC}") = "App.Model.Data", "App.Model.Data\App.Model.Data.csproj", "{E595415C-2407-42CD-9079-F559EEB29A3B}"
EndProject
Project("{FAE04EC0-301F-11D3-BF4B-00C04F79EFBC}") = "App.Model.Services", "App.Model.Services\App.Model.Services.csproj", "{6E7D1FA8-2443-4882-905B-3560C01F3E12}"
EndProject
Project("{FAE04EC0-301F-11D3-BF4B-00C04F79EFBC}") = "App.Model.Api", "App.Model.Api\App.Model.Api.csproj", "{E333910C-B342-4F65-9608-1F07ACC53ADA}"
EndProject
Project("{FAE04EC0-301F-11D3-BF4B-00C04F79EFBC}") = "App.UI", "App.UI\App.UI.csproj", "{1BE6835D-E806-468D-AC07-4ABBE5BFD754}"
EndProject
Global
	GlobalSection(SolutionConfigurationPlatforms) = preSolution
		Debug|Any CPU = Debug|Any CPU
		Release|Any CPU = Release|Any CPU
	EndGlobalSection
	GlobalSection(ProjectConfigurationPlatforms) = postSolution
		{E595415C-2407-42CD-9079-F559EEB29A3B}.Debug|Any CPU.ActiveCfg = Debug|Any CPU
		{E595415C-2407-42CD-9079-F559EEB29A3B}.Debug|Any CPU.Build.0 = Debug|Any CPU
		{E595415C-2407-42CD-9079-F559EEB29A3B}.Release|Any CPU.ActiveCfg = Release|Any CPU
		{E595415C-2407-42CD-9079-F559EEB29A3B}.Release|Any CPU.Build.0 = Release|Any CPU
		{6E7D1FA8-2443-4882-905B-3560C01F3E12}.Debug|Any CPU.ActiveCfg = Debug|Any CPU
		{6E7D1FA8-2443-4882-905B-3560C01F3E12}.Debug|Any CPU.Build.0 = Debug|Any CPU
		{6E7D1FA8-2443-4882-905B-3560C01F3E12}.Release|Any CPU.ActiveCfg = Release|Any CPU
		{6E7D1FA8-2443-4882-905B-3560C01F3E12}.Release|Any CPU.Build.0 = Release|Any CPU
		{E333910C-B342-4F65-9608-1F07ACC53ADA}.Debug|Any CPU.ActiveCfg = Debug|Any CPU
		{E333910C-B342-4F65-9608-1F07ACC53ADA}.Debug|Any CPU.Build.0 = Debug|Any CPU
		{E333910C-B342-4F65-9608-1F07ACC53ADA}.Release|Any CPU.ActiveCfg = Release|Any CPU
		{E333910C-B342-4F65-9608-1F07ACC53ADA}.Release|Any CPU.Build.0 = Release|Any CPU
		{1BE6835D-E806-468D-AC07-4ABBE5BFD754}.Debug|Any CPU.ActiveCfg = Debug|Any CPU
		{1BE6835D-E806-468D-AC07-4ABBE5BFD754}.Debug|Any CPU.Build.0 = Debug|Any CPU
		{1BE6835D-E806-468D-AC07-4ABBE5BFD754}.Release|Any CPU.ActiveCfg = Release|Any CPU
		{1BE6835D-E806-468D-AC07-4ABBE5BFD754}.Release|Any CPU.Build.0 = Release|Any CPU
	EndGlobalSection
	GlobalSection(SolutionProperties) = preSolution
		HideSolutionNode = FALSE
	EndGlobalSection
EndGlobal
